
Microsoft Visual Studio Solution File, Format Version 12.00
# Visual Studio Version 17
VisualStudioVersion = 17.5.001.0
MinimumVisualStudioVersion = 10.0.40219.1
Project("{9A19103F-16F7-4668-BE54-9A1E7A4F7556}") = "tl2-tp6-2024-tomatorivera", "tl2-tp6-2024-tomatorivera.csproj", "{6B0DAC06-DCC9-46E1-B0FB-6558468278E4}"
EndProject
Global
	GlobalSection(SolutionConfigurationPlatforms) = preSolution
		Debug|Any CPU = Debug|Any CPU
		Release|Any CPU = Release|Any CPU
	EndGlobalSection
	GlobalSection(ProjectConfigurationPlatforms) = postSolution
		{6B0DAC06-DCC9-46E1-B0FB-6558468278E4}.Debug|Any CPU.ActiveCfg = Debug|Any CPU
		{6B0DAC06-DCC9-46E1-B0FB-6558468278E4}.Debug|Any CPU.Build.0 = Debug|Any CPU
		{6B0DAC06-DCC9-46E1-B0FB-6558468278E4}.Release|Any CPU.ActiveCfg = Release|Any CPU
		{6B0DAC06-DCC9-46E1-B0FB-6558468278E4}.Release|Any CPU.Build.0 = Release|Any CPU
	EndGlobalSection
	GlobalSection(SolutionProperties) = preSolution
		HideSolutionNode = FALSE
	EndGlobalSection
	GlobalSection(ExtensibilityGlobals) = postSolution
		SolutionGuid = {058DEC33-122A-4310-A04B-4F630CF6CD0A}
	EndGlobalSection
EndGlobal
